// !$*UTF8*$!
{
	archiveVersion = 1;
	classes = {
	};
	objectVersion = 48;
	objects = {

/* Begin PBXBuildFile section */
		E4459F941FDD60AD003D597E /* FourInOneSessionViewController.swift in Sources */ = {isa = PBXBuildFile; fileRef = E4459F931FDD60AD003D597E /* FourInOneSessionViewController.swift */; };
		E4459F981FDEC787003D597E /* README.md in Resources */ = {isa = PBXBuildFile; fileRef = E4459F971FDEC787003D597E /* README.md */; };
		E4459F9A1FDEC7C8003D597E /* ToDo.rtf in Resources */ = {isa = PBXBuildFile; fileRef = E4459F991FDEC7C8003D597E /* ToDo.rtf */; };
		E47059091FAF390E00894C64 /* FourInOneNavigationController.swift in Sources */ = {isa = PBXBuildFile; fileRef = E47059081FAF390E00894C64 /* FourInOneNavigationController.swift */; };
		E470590B1FAF391D00894C64 /* FourInOneViewController.swift in Sources */ = {isa = PBXBuildFile; fileRef = E470590A1FAF391D00894C64 /* FourInOneViewController.swift */; };
		E48677771FBD938B00BB53AE /* FourInOneSessionManager.swift in Sources */ = {isa = PBXBuildFile; fileRef = E48677761FBD938B00BB53AE /* FourInOneSessionManager.swift */; };
		E4D078311FC884C9009D6CE5 /* FourInOneConnectingViewController.swift in Sources */ = {isa = PBXBuildFile; fileRef = E4D0782F1FC884C9009D6CE5 /* FourInOneConnectingViewController.swift */; };
		E4D078321FC884C9009D6CE5 /* FourInOneConnectingViewController.xib in Resources */ = {isa = PBXBuildFile; fileRef = E4D078301FC884C9009D6CE5 /* FourInOneConnectingViewController.xib */; };
		E4DDCDBB1FAF13B500913177 /* FourInOneCore.framework in Frameworks */ = {isa = PBXBuildFile; fileRef = E4DDCDB11FAF13B400913177 /* FourInOneCore.framework */; };
		E4DDCDC01FAF13B500913177 /* FourInOneCoreTests.swift in Sources */ = {isa = PBXBuildFile; fileRef = E4DDCDBF1FAF13B500913177 /* FourInOneCoreTests.swift */; };
		E4DDCDC21FAF13B500913177 /* FourInOneCore.h in Headers */ = {isa = PBXBuildFile; fileRef = E4DDCDB41FAF13B400913177 /* FourInOneCore.h */; settings = {ATTRIBUTES = (Public, ); }; };
		E4DDCDCD1FAF14A200913177 /* FourInOneTypes.swift in Sources */ = {isa = PBXBuildFile; fileRef = E4DDCDCB1FAF14A200913177 /* FourInOneTypes.swift */; };
		E4DDCDCE1FAF14A200913177 /* FourInOneSetupManager.swift in Sources */ = {isa = PBXBuildFile; fileRef = E4DDCDCC1FAF14A200913177 /* FourInOneSetupManager.swift */; };
/* End PBXBuildFile section */

/* Begin PBXContainerItemProxy section */
		E4DDCDBC1FAF13B500913177 /* PBXContainerItemProxy */ = {
			isa = PBXContainerItemProxy;
			containerPortal = E4DDCDA81FAF13B400913177 /* Project object */;
			proxyType = 1;
			remoteGlobalIDString = E4DDCDB01FAF13B400913177;
			remoteInfo = FourInOneCore;
		};
/* End PBXContainerItemProxy section */

/* Begin PBXFileReference section */
		E4459F931FDD60AD003D597E /* FourInOneSessionViewController.swift */ = {isa = PBXFileReference; lastKnownFileType = sourcecode.swift; path = FourInOneSessionViewController.swift; sourceTree = "<group>"; };
		E4459F971FDEC787003D597E /* README.md */ = {isa = PBXFileReference; fileEncoding = 4; lastKnownFileType = net.daringfireball.markdown; path = README.md; sourceTree = "<group>"; };
		E4459F991FDEC7C8003D597E /* ToDo.rtf */ = {isa = PBXFileReference; fileEncoding = 4; lastKnownFileType = text.rtf; path = ToDo.rtf; sourceTree = "<group>"; };
		E47059081FAF390E00894C64 /* FourInOneNavigationController.swift */ = {isa = PBXFileReference; fileEncoding = 4; lastKnownFileType = sourcecode.swift; path = FourInOneNavigationController.swift; sourceTree = "<group>"; };
		E470590A1FAF391D00894C64 /* FourInOneViewController.swift */ = {isa = PBXFileReference; fileEncoding = 4; lastKnownFileType = sourcecode.swift; path = FourInOneViewController.swift; sourceTree = "<group>"; };
		E47698391FF4F72E00C3563B /* FourInOneCore.xcodeproj */ = {isa = PBXFileReference; lastKnownFileType = "wrapper.pb-project"; path = FourInOneCore.xcodeproj; sourceTree = "<group>"; };
		E48677761FBD938B00BB53AE /* FourInOneSessionManager.swift */ = {isa = PBXFileReference; lastKnownFileType = sourcecode.swift; path = FourInOneSessionManager.swift; sourceTree = "<group>"; };
		E4D0782F1FC884C9009D6CE5 /* FourInOneConnectingViewController.swift */ = {isa = PBXFileReference; lastKnownFileType = sourcecode.swift; path = FourInOneConnectingViewController.swift; sourceTree = "<group>"; };
		E4D078301FC884C9009D6CE5 /* FourInOneConnectingViewController.xib */ = {isa = PBXFileReference; lastKnownFileType = file.xib; path = FourInOneConnectingViewController.xib; sourceTree = "<group>"; };
		E4DDCDB11FAF13B400913177 /* FourInOneCore.framework */ = {isa = PBXFileReference; explicitFileType = wrapper.framework; includeInIndex = 0; path = FourInOneCore.framework; sourceTree = BUILT_PRODUCTS_DIR; };
		E4DDCDB41FAF13B400913177 /* FourInOneCore.h */ = {isa = PBXFileReference; lastKnownFileType = sourcecode.c.h; path = FourInOneCore.h; sourceTree = "<group>"; };
		E4DDCDB51FAF13B400913177 /* Info.plist */ = {isa = PBXFileReference; lastKnownFileType = text.plist.xml; path = Info.plist; sourceTree = "<group>"; };
		E4DDCDBA1FAF13B500913177 /* FourInOneCoreTests.xctest */ = {isa = PBXFileReference; explicitFileType = wrapper.cfbundle; includeInIndex = 0; path = FourInOneCoreTests.xctest; sourceTree = BUILT_PRODUCTS_DIR; };
		E4DDCDBF1FAF13B500913177 /* FourInOneCoreTests.swift */ = {isa = PBXFileReference; lastKnownFileType = sourcecode.swift; path = FourInOneCoreTests.swift; sourceTree = "<group>"; };
		E4DDCDC11FAF13B500913177 /* Info.plist */ = {isa = PBXFileReference; lastKnownFileType = text.plist.xml; path = Info.plist; sourceTree = "<group>"; };
		E4DDCDCB1FAF14A200913177 /* FourInOneTypes.swift */ = {isa = PBXFileReference; fileEncoding = 4; lastKnownFileType = sourcecode.swift; path = FourInOneTypes.swift; sourceTree = "<group>"; };
		E4DDCDCC1FAF14A200913177 /* FourInOneSetupManager.swift */ = {isa = PBXFileReference; fileEncoding = 4; lastKnownFileType = sourcecode.swift; path = FourInOneSetupManager.swift; sourceTree = "<group>"; };
/* End PBXFileReference section */

/* Begin PBXFrameworksBuildPhase section */
		E4DDCDAD1FAF13B400913177 /* Frameworks */ = {
			isa = PBXFrameworksBuildPhase;
			buildActionMask = 2147483647;
			files = (
			);
			runOnlyForDeploymentPostprocessing = 0;
		};
		E4DDCDB71FAF13B500913177 /* Frameworks */ = {
			isa = PBXFrameworksBuildPhase;
			buildActionMask = 2147483647;
			files = (
				E4DDCDBB1FAF13B500913177 /* FourInOneCore.framework in Frameworks */,
			);
			runOnlyForDeploymentPostprocessing = 0;
		};
/* End PBXFrameworksBuildPhase section */

/* Begin PBXGroup section */
		E4459F961FDEC723003D597E /* Supporting files */ = {
			isa = PBXGroup;
			children = (
				E4459F991FDEC7C8003D597E /* ToDo.rtf */,
				E4459F971FDEC787003D597E /* README.md */,
			);
			name = "Supporting files";
			sourceTree = "<group>";
		};
		E470590F1FAF3DC900894C64 /* ViewControllers */ = {
			isa = PBXGroup;
			children = (
				E47059081FAF390E00894C64 /* FourInOneNavigationController.swift */,
				E470590A1FAF391D00894C64 /* FourInOneViewController.swift */,
				E4D0782F1FC884C9009D6CE5 /* FourInOneConnectingViewController.swift */,
				E4D078301FC884C9009D6CE5 /* FourInOneConnectingViewController.xib */,
				E4459F931FDD60AD003D597E /* FourInOneSessionViewController.swift */,
			);
			path = ViewControllers;
			sourceTree = "<group>";
		};
		E47698381FF4F72D00C3563B /* Frameworks */ = {
			isa = PBXGroup;
			children = (
				E47698391FF4F72E00C3563B /* FourInOneCore.xcodeproj */,
			);
			name = Frameworks;
			sourceTree = "<group>";
		};
		E476983A1FF4F72E00C3563B /* Products */ = {
			isa = PBXGroup;
			name = Products;
			sourceTree = "<group>";
		};
		E4DDCDA71FAF13B400913177 = {
			isa = PBXGroup;
			children = (
				E4DDCDB31FAF13B400913177 /* FourInOneCore */,
				E4DDCDBE1FAF13B500913177 /* FourInOneCoreTests */,
				E4DDCDB21FAF13B400913177 /* Products */,
				E4459F961FDEC723003D597E /* Supporting files */,
				E47698381FF4F72D00C3563B /* Frameworks */,
			);
			sourceTree = "<group>";
		};
		E4DDCDB21FAF13B400913177 /* Products */ = {
			isa = PBXGroup;
			children = (
				E4DDCDB11FAF13B400913177 /* FourInOneCore.framework */,
				E4DDCDBA1FAF13B500913177 /* FourInOneCoreTests.xctest */,
			);
			name = Products;
			sourceTree = "<group>";
		};
		E4DDCDB31FAF13B400913177 /* FourInOneCore */ = {
			isa = PBXGroup;
			children = (
				E470590F1FAF3DC900894C64 /* ViewControllers */,
				E48677761FBD938B00BB53AE /* FourInOneSessionManager.swift */,
				E4DDCDCC1FAF14A200913177 /* FourInOneSetupManager.swift */,
				E4DDCDCB1FAF14A200913177 /* FourInOneTypes.swift */,
				E4DDCDB41FAF13B400913177 /* FourInOneCore.h */,
				E4DDCDB51FAF13B400913177 /* Info.plist */,
			);
			path = FourInOneCore;
			sourceTree = "<group>";
		};
		E4DDCDBE1FAF13B500913177 /* FourInOneCoreTests */ = {
			isa = PBXGroup;
			children = (
				E4DDCDBF1FAF13B500913177 /* FourInOneCoreTests.swift */,
				E4DDCDC11FAF13B500913177 /* Info.plist */,
			);
			path = FourInOneCoreTests;
			sourceTree = "<group>";
		};
/* End PBXGroup section */

/* Begin PBXHeadersBuildPhase section */
		E4DDCDAE1FAF13B400913177 /* Headers */ = {
			isa = PBXHeadersBuildPhase;
			buildActionMask = 2147483647;
			files = (
				E4DDCDC21FAF13B500913177 /* FourInOneCore.h in Headers */,
			);
			runOnlyForDeploymentPostprocessing = 0;
		};
/* End PBXHeadersBuildPhase section */

/* Begin PBXNativeTarget section */
		E4DDCDB01FAF13B400913177 /* FourInOneCore */ = {
			isa = PBXNativeTarget;
			buildConfigurationList = E4DDCDC51FAF13B500913177 /* Build configuration list for PBXNativeTarget "FourInOneCore" */;
			buildPhases = (
				E4DDCDAC1FAF13B400913177 /* Sources */,
				E4DDCDAD1FAF13B400913177 /* Frameworks */,
				E4DDCDAE1FAF13B400913177 /* Headers */,
				E4DDCDAF1FAF13B400913177 /* Resources */,
			);
			buildRules = (
			);
			dependencies = (
			);
			name = FourInOneCore;
			productName = FourInOneCore;
			productReference = E4DDCDB11FAF13B400913177 /* FourInOneCore.framework */;
			productType = "com.apple.product-type.framework";
		};
		E4DDCDB91FAF13B500913177 /* FourInOneCoreTests */ = {
			isa = PBXNativeTarget;
			buildConfigurationList = E4DDCDC81FAF13B500913177 /* Build configuration list for PBXNativeTarget "FourInOneCoreTests" */;
			buildPhases = (
				E4DDCDB61FAF13B500913177 /* Sources */,
				E4DDCDB71FAF13B500913177 /* Frameworks */,
				E4DDCDB81FAF13B500913177 /* Resources */,
			);
			buildRules = (
			);
			dependencies = (
				E4DDCDBD1FAF13B500913177 /* PBXTargetDependency */,
			);
			name = FourInOneCoreTests;
			productName = FourInOneCoreTests;
			productReference = E4DDCDBA1FAF13B500913177 /* FourInOneCoreTests.xctest */;
			productType = "com.apple.product-type.bundle.unit-test";
		};
/* End PBXNativeTarget section */

/* Begin PBXProject section */
		E4DDCDA81FAF13B400913177 /* Project object */ = {
			isa = PBXProject;
			attributes = {
				LastSwiftUpdateCheck = 0910;
				LastUpgradeCheck = 0910;
				ORGANIZATIONNAME = "Olof Torgersson";
				TargetAttributes = {
					E4DDCDB01FAF13B400913177 = {
						CreatedOnToolsVersion = 9.1;
						LastSwiftMigration = 0910;
						ProvisioningStyle = Automatic;
					};
					E4DDCDB91FAF13B500913177 = {
						CreatedOnToolsVersion = 9.1;
						ProvisioningStyle = Automatic;
					};
				};
			};
			buildConfigurationList = E4DDCDAB1FAF13B400913177 /* Build configuration list for PBXProject "FourInOneCore" */;
			compatibilityVersion = "Xcode 8.0";
			developmentRegion = en;
			hasScannedForEncodings = 0;
			knownRegions = (
				en,
			);
			mainGroup = E4DDCDA71FAF13B400913177;
			productRefGroup = E4DDCDB21FAF13B400913177 /* Products */;
			projectDirPath = "";
			projectReferences = (
				{
					ProductGroup = E476983A1FF4F72E00C3563B /* Products */;
					ProjectRef = E47698391FF4F72E00C3563B /* FourInOneCore.xcodeproj */;
				},
			);
			projectRoot = "";
			targets = (
				E4DDCDB01FAF13B400913177 /* FourInOneCore */,
				E4DDCDB91FAF13B500913177 /* FourInOneCoreTests */,
			);
		};
/* End PBXProject section */

/* Begin PBXResourcesBuildPhase section */
		E4DDCDAF1FAF13B400913177 /* Resources */ = {
			isa = PBXResourcesBuildPhase;
			buildActionMask = 2147483647;
			files = (
				E4459F981FDEC787003D597E /* README.md in Resources */,
				E4D078321FC884C9009D6CE5 /* FourInOneConnectingViewController.xib in Resources */,
				E4459F9A1FDEC7C8003D597E /* ToDo.rtf in Resources */,
			);
			runOnlyForDeploymentPostprocessing = 0;
		};
		E4DDCDB81FAF13B500913177 /* Resources */ = {
			isa = PBXResourcesBuildPhase;
			buildActionMask = 2147483647;
			files = (
			);
			runOnlyForDeploymentPostprocessing = 0;
		};
/* End PBXResourcesBuildPhase section */

/* Begin PBXSourcesBuildPhase section */
		E4DDCDAC1FAF13B400913177 /* Sources */ = {
			isa = PBXSourcesBuildPhase;
			buildActionMask = 2147483647;
			files = (
				E4DDCDCD1FAF14A200913177 /* FourInOneTypes.swift in Sources */,
				E47059091FAF390E00894C64 /* FourInOneNavigationController.swift in Sources */,
				E48677771FBD938B00BB53AE /* FourInOneSessionManager.swift in Sources */,
				E4DDCDCE1FAF14A200913177 /* FourInOneSetupManager.swift in Sources */,
				E4D078311FC884C9009D6CE5 /* FourInOneConnectingViewController.swift in Sources */,
				E470590B1FAF391D00894C64 /* FourInOneViewController.swift in Sources */,
				E4459F941FDD60AD003D597E /* FourInOneSessionViewController.swift in Sources */,
			);
			runOnlyForDeploymentPostprocessing = 0;
		};
		E4DDCDB61FAF13B500913177 /* Sources */ = {
			isa = PBXSourcesBuildPhase;
			buildActionMask = 2147483647;
			files = (
				E4DDCDC01FAF13B500913177 /* FourInOneCoreTests.swift in Sources */,
			);
			runOnlyForDeploymentPostprocessing = 0;
		};
/* End PBXSourcesBuildPhase section */

/* Begin PBXTargetDependency section */
		E4DDCDBD1FAF13B500913177 /* PBXTargetDependency */ = {
			isa = PBXTargetDependency;
			target = E4DDCDB01FAF13B400913177 /* FourInOneCore */;
			targetProxy = E4DDCDBC1FAF13B500913177 /* PBXContainerItemProxy */;
		};
/* End PBXTargetDependency section */

/* Begin XCBuildConfiguration section */
		E4DDCDC31FAF13B500913177 /* Debug */ = {
			isa = XCBuildConfiguration;
			buildSettings = {
				ALWAYS_SEARCH_USER_PATHS = NO;
				CLANG_ANALYZER_NONNULL = YES;
				CLANG_ANALYZER_NUMBER_OBJECT_CONVERSION = YES_AGGRESSIVE;
				CLANG_CXX_LANGUAGE_STANDARD = "gnu++14";
				CLANG_CXX_LIBRARY = "libc++";
				CLANG_ENABLE_MODULES = YES;
				CLANG_ENABLE_OBJC_ARC = YES;
				CLANG_WARN_BLOCK_CAPTURE_AUTORELEASING = YES;
				CLANG_WARN_BOOL_CONVERSION = YES;
				CLANG_WARN_COMMA = YES;
				CLANG_WARN_CONSTANT_CONVERSION = YES;
				CLANG_WARN_DIRECT_OBJC_ISA_USAGE = YES_ERROR;
				CLANG_WARN_DOCUMENTATION_COMMENTS = YES;
				CLANG_WARN_EMPTY_BODY = YES;
				CLANG_WARN_ENUM_CONVERSION = YES;
				CLANG_WARN_INFINITE_RECURSION = YES;
				CLANG_WARN_INT_CONVERSION = YES;
				CLANG_WARN_NON_LITERAL_NULL_CONVERSION = YES;
				CLANG_WARN_OBJC_LITERAL_CONVERSION = YES;
				CLANG_WARN_OBJC_ROOT_CLASS = YES_ERROR;
				CLANG_WARN_RANGE_LOOP_ANALYSIS = YES;
				CLANG_WARN_STRICT_PROTOTYPES = YES;
				CLANG_WARN_SUSPICIOUS_MOVE = YES;
				CLANG_WARN_UNGUARDED_AVAILABILITY = YES_AGGRESSIVE;
				CLANG_WARN_UNREACHABLE_CODE = YES;
				CLANG_WARN__DUPLICATE_METHOD_MATCH = YES;
				CODE_SIGN_IDENTITY = "iPhone Developer";
				COPY_PHASE_STRIP = NO;
				CURRENT_PROJECT_VERSION = 1;
				DEBUG_INFORMATION_FORMAT = dwarf;
				ENABLE_STRICT_OBJC_MSGSEND = YES;
				ENABLE_TESTABILITY = YES;
				GCC_C_LANGUAGE_STANDARD = gnu11;
				GCC_DYNAMIC_NO_PIC = NO;
				GCC_NO_COMMON_BLOCKS = YES;
				GCC_OPTIMIZATION_LEVEL = 0;
				GCC_PREPROCESSOR_DEFINITIONS = (
					"DEBUG=1",
					"$(inherited)",
				);
				GCC_WARN_64_TO_32_BIT_CONVERSION = YES;
				GCC_WARN_ABOUT_RETURN_TYPE = YES_ERROR;
				GCC_WARN_UNDECLARED_SELECTOR = YES;
				GCC_WARN_UNINITIALIZED_AUTOS = YES_AGGRESSIVE;
				GCC_WARN_UNUSED_FUNCTION = YES;
				GCC_WARN_UNUSED_VARIABLE = YES;
				IPHONEOS_DEPLOYMENT_TARGET = 11.1;
				MTL_ENABLE_DEBUG_INFO = YES;
				ONLY_ACTIVE_ARCH = YES;
				SDKROOT = iphoneos;
				SWIFT_ACTIVE_COMPILATION_CONDITIONS = DEBUG;
				SWIFT_OPTIMIZATION_LEVEL = "-Onone";
				VERSIONING_SYSTEM = "apple-generic";
				VERSION_INFO_PREFIX = "";
			};
			name = Debug;
		};
		E4DDCDC41FAF13B500913177 /* Release */ = {
			isa = XCBuildConfiguration;
			buildSettings = {
				ALWAYS_SEARCH_USER_PATHS = NO;
				CLANG_ANALYZER_NONNULL = YES;
				CLANG_ANALYZER_NUMBER_OBJECT_CONVERSION = YES_AGGRESSIVE;
				CLANG_CXX_LANGUAGE_STANDARD = "gnu++14";
				CLANG_CXX_LIBRARY = "libc++";
				CLANG_ENABLE_MODULES = YES;
				CLANG_ENABLE_OBJC_ARC = YES;
				CLANG_WARN_BLOCK_CAPTURE_AUTORELEASING = YES;
				CLANG_WARN_BOOL_CONVERSION = YES;
				CLANG_WARN_COMMA = YES;
				CLANG_WARN_CONSTANT_CONVERSION = YES;
				CLANG_WARN_DIRECT_OBJC_ISA_USAGE = YES_ERROR;
				CLANG_WARN_DOCUMENTATION_COMMENTS = YES;
				CLANG_WARN_EMPTY_BODY = YES;
				CLANG_WARN_ENUM_CONVERSION = YES;
				CLANG_WARN_INFINITE_RECURSION = YES;
				CLANG_WARN_INT_CONVERSION = YES;
				CLANG_WARN_NON_LITERAL_NULL_CONVERSION = YES;
				CLANG_WARN_OBJC_LITERAL_CONVERSION = YES;
				CLANG_WARN_OBJC_ROOT_CLASS = YES_ERROR;
				CLANG_WARN_RANGE_LOOP_ANALYSIS = YES;
				CLANG_WARN_STRICT_PROTOTYPES = YES;
				CLANG_WARN_SUSPICIOUS_MOVE = YES;
				CLANG_WARN_UNGUARDED_AVAILABILITY = YES_AGGRESSIVE;
				CLANG_WARN_UNREACHABLE_CODE = YES;
				CLANG_WARN__DUPLICATE_METHOD_MATCH = YES;
				CODE_SIGN_IDENTITY = "iPhone Developer";
				COPY_PHASE_STRIP = NO;
				CURRENT_PROJECT_VERSION = 1;
				DEBUG_INFORMATION_FORMAT = "dwarf-with-dsym";
				ENABLE_NS_ASSERTIONS = NO;
				ENABLE_STRICT_OBJC_MSGSEND = YES;
				GCC_C_LANGUAGE_STANDARD = gnu11;
				GCC_NO_COMMON_BLOCKS = YES;
				GCC_WARN_64_TO_32_BIT_CONVERSION = YES;
				GCC_WARN_ABOUT_RETURN_TYPE = YES_ERROR;
				GCC_WARN_UNDECLARED_SELECTOR = YES;
				GCC_WARN_UNINITIALIZED_AUTOS = YES_AGGRESSIVE;
				GCC_WARN_UNUSED_FUNCTION = YES;
				GCC_WARN_UNUSED_VARIABLE = YES;
				IPHONEOS_DEPLOYMENT_TARGET = 11.1;
				MTL_ENABLE_DEBUG_INFO = NO;
				SDKROOT = iphoneos;
				SWIFT_OPTIMIZATION_LEVEL = "-Owholemodule";
				VALIDATE_PRODUCT = YES;
				VERSIONING_SYSTEM = "apple-generic";
				VERSION_INFO_PREFIX = "";
			};
			name = Release;
		};
		E4DDCDC61FAF13B500913177 /* Debug */ = {
			isa = XCBuildConfiguration;
			buildSettings = {
				CLANG_ENABLE_MODULES = YES;
				CODE_SIGN_IDENTITY = "";
				CODE_SIGN_STYLE = Automatic;
				DEFINES_MODULE = YES;
				DEVELOPMENT_TEAM = "";
				DYLIB_COMPATIBILITY_VERSION = 1;
				DYLIB_CURRENT_VERSION = 1;
				DYLIB_INSTALL_NAME_BASE = "@rpath";
				INFOPLIST_FILE = FourInOneCore/Info.plist;
				INSTALL_PATH = "$(LOCAL_LIBRARY_DIR)/Frameworks";
				IPHONEOS_DEPLOYMENT_TARGET = 12.1;
				LD_RUNPATH_SEARCH_PATHS = "$(inherited) @executable_path/Frameworks @loader_path/Frameworks";
				PRODUCT_BUNDLE_IDENTIFIER = se.chalmers.cse.FourInOneCore;
				PRODUCT_NAME = "$(TARGET_NAME:c99extidentifier)";
				SKIP_INSTALL = YES;
				SWIFT_OPTIMIZATION_LEVEL = "-Onone";
				SWIFT_VERSION = 4.0;
				TARGETED_DEVICE_FAMILY = "1,2";
			};
			name = Debug;
		};
		E4DDCDC71FAF13B500913177 /* Release */ = {
			isa = XCBuildConfiguration;
			buildSettings = {
				CLANG_ENABLE_MODULES = YES;
				CODE_SIGN_IDENTITY = "";
				CODE_SIGN_STYLE = Automatic;
				DEFINES_MODULE = YES;
				DEVELOPMENT_TEAM = "";
				DYLIB_COMPATIBILITY_VERSION = 1;
				DYLIB_CURRENT_VERSION = 1;
				DYLIB_INSTALL_NAME_BASE = "@rpath";
				INFOPLIST_FILE = FourInOneCore/Info.plist;
				INSTALL_PATH = "$(LOCAL_LIBRARY_DIR)/Frameworks";
				IPHONEOS_DEPLOYMENT_TARGET = 12.1;
				LD_RUNPATH_SEARCH_PATHS = "$(inherited) @executable_path/Frameworks @loader_path/Frameworks";
				PRODUCT_BUNDLE_IDENTIFIER = se.chalmers.cse.FourInOneCore;
				PRODUCT_NAME = "$(TARGET_NAME:c99extidentifier)";
				SKIP_INSTALL = YES;
				SWIFT_VERSION = 4.0;
				TARGETED_DEVICE_FAMILY = "1,2";
			};
			name = Release;
		};
		E4DDCDC91FAF13B500913177 /* Debug */ = {
			isa = XCBuildConfiguration;
			buildSettings = {
				ALWAYS_EMBED_SWIFT_STANDARD_LIBRARIES = YES;
				CODE_SIGN_STYLE = Automatic;
				DEVELOPMENT_TEAM = YTSF97BC99;
				INFOPLIST_FILE = FourInOneCoreTests/Info.plist;
				LD_RUNPATH_SEARCH_PATHS = "$(inherited) @executable_path/Frameworks @loader_path/Frameworks";
				PRODUCT_BUNDLE_IDENTIFIER = se.chalmers.cse.FourInOneCoreTests;
				PRODUCT_NAME = "$(TARGET_NAME)";
				SWIFT_VERSION = 4.0;
				TARGETED_DEVICE_FAMILY = "1,2";
			};
			name = Debug;
		};
		E4DDCDCA1FAF13B500913177 /* Release */ = {
			isa = XCBuildConfiguration;
			buildSettings = {
				ALWAYS_EMBED_SWIFT_STANDARD_LIBRARIES = YES;
				CODE_SIGN_STYLE = Automatic;
				DEVELOPMENT_TEAM = YTSF97BC99;
				INFOPLIST_FILE = FourInOneCoreTests/Info.plist;
				LD_RUNPATH_SEARCH_PATHS = "$(inherited) @executable_path/Frameworks @loader_path/Frameworks";
				PRODUCT_BUNDLE_IDENTIFIER = se.chalmers.cse.FourInOneCoreTests;
				PRODUCT_NAME = "$(TARGET_NAME)";
				SWIFT_VERSION = 4.0;
				TARGETED_DEVICE_FAMILY = "1,2";
			};
			name = Release;
		};
/* End XCBuildConfiguration section */

/* Begin XCConfigurationList section */
		E4DDCDAB1FAF13B400913177 /* Build configuration list for PBXProject "FourInOneCore" */ = {
			isa = XCConfigurationList;
			buildConfigurations = (
				E4DDCDC31FAF13B500913177 /* Debug */,
				E4DDCDC41FAF13B500913177 /* Release */,
			);
			defaultConfigurationIsVisible = 0;
			defaultConfigurationName = Release;
		};
		E4DDCDC51FAF13B500913177 /* Build configuration list for PBXNativeTarget "FourInOneCore" */ = {
			isa = XCConfigurationList;
			buildConfigurations = (
				E4DDCDC61FAF13B500913177 /* Debug */,
				E4DDCDC71FAF13B500913177 /* Release */,
			);
			defaultConfigurationIsVisible = 0;
			defaultConfigurationName = Release;
		};
		E4DDCDC81FAF13B500913177 /* Build configuration list for PBXNativeTarget "FourInOneCoreTests" */ = {
			isa = XCConfigurationList;
			buildConfigurations = (
				E4DDCDC91FAF13B500913177 /* Debug */,
				E4DDCDCA1FAF13B500913177 /* Release */,
			);
			defaultConfigurationIsVisible = 0;
			defaultConfigurationName = Release;
		};
/* End XCConfigurationList section */
	};
	rootObject = E4DDCDA81FAF13B400913177 /* Project object */;
}
